<?xml version="1.0" encoding="UTF-8"?>
<CodeBlocks_project_file>
	<FileVersion major="1" minor="6"/>
	<Project>
		<Option title="klt_feature_tracker"/>
		<Option makefile_is_custom="1"/>
		<Option compiler="gcc"/>
		<Option virtualFolders="CMake Files\;CMake Files\external\;CMake Files\external\OpticalFlow\;CMake Files\external\OpticalFlow\external\;CMake Files\external\OpticalFlow\external\klt_feature_tracker\;CMake Files\..\;CMake Files\..\..\;CMake Files\..\..\..\;CMake Files\..\..\..\..\;CMake Files\..\..\..\..\..\;CMake Files\..\..\..\..\..\..\;CMake Files\..\..\..\..\..\..\usr\;CMake Files\..\..\..\..\..\..\usr\local\;CMake Files\..\..\..\..\..\..\usr\local\lib\;CMake Files\..\..\..\..\..\..\usr\local\lib\cmake\;CMake Files\..\..\..\..\..\..\usr\local\lib\cmake\opencv4\;CMake Files\..\..\..\..\..\..\usr\lib\;CMake Files\..\..\..\..\..\..\usr\lib\x86_64-linux-gnu\;CMake Files\..\..\..\..\..\..\usr\lib\x86_64-linux-gnu\cmake\;CMake Files\..\..\..\..\..\..\usr\lib\x86_64-linux-gnu\cmake\gazebo\;CMake Files\..\..\..\..\..\..\usr\lib\x86_64-linux-gnu\cmake\simbody\;CMake Files\..\..\..\..\..\..\usr\lib\x86_64-linux-gnu\cmake\sdformat\;CMake Files\..\..\..\..\..\..\usr\lib\x86_64-linux-gnu\cmake\ignition-math4\;CMake Files\..\..\..\..\..\..\usr\lib\x86_64-linux-gnu\cmake\ignition-cmake0\;CMake Files\..\..\..\..\..\..\usr\lib\x86_64-linux-gnu\cmake\ignition-cmake0\cmake0\;CMake Files\..\..\..\..\..\..\usr\lib\x86_64-linux-gnu\cmake\ignition-transport4\;CMake Files\..\..\..\..\..\..\usr\lib\x86_64-linux-gnu\cmake\ignition-msgs1\;CMake Files\..\..\..\..\..\..\usr\lib\x86_64-linux-gnu\cmake\ignition-common1\;CMake Files\..\..\..\..\..\..\usr\lib\x86_64-linux-gnu\cmake\ignition-fuel_tools1\;CMake Files\..\..\..\..\..\..\usr\lib\x86_64-linux-gnu\cmake\jsoncpp\;CMake Files\..\..\..\..\..\..\usr\lib\x86_64-linux-gnu\cmake\Qt5\;CMake Files\..\..\..\..\..\..\usr\lib\x86_64-linux-gnu\cmake\Qt5Core\;CMake Files\..\..\..\..\..\..\usr\lib\x86_64-linux-gnu\cmake\Qt5Widgets\;CMake Files\..\..\..\..\..\..\usr\lib\x86_64-linux-gnu\cmake\Qt5Gui\;CMake Files\..\..\..\..\..\..\usr\lib\cmake\;CMake Files\..\..\..\..\..\..\usr\lib\cmake\eigen3\;CMake Files\..\..\..\..\..\..\usr\share\;CMake Files\..\..\..\..\..\..\usr\share\OGRE\;CMake Files\..\..\..\..\..\..\usr\share\OGRE\cmake\;CMake Files\..\..\..\..\..\..\usr\share\OGRE\cmake\modules\;CMake Files\cmake\;CMake Files\src\;CMake Files\unit_tests\;"/>
		<Build>
			<Target title="all">
				<Option working_dir="/home/zdh/px4v1.10/Firmware/Tools/build-sitl_gazebo-unknown-Default/OpticalFlow/klt_feature_tracker"/>
				<Option type="4"/>
				<MakeCommands>
					<Build command="/usr/bin/make -j8 -f &quot;/home/zdh/px4v1.10/Firmware/Tools/build-sitl_gazebo-unknown-Default/OpticalFlow/klt_feature_tracker/Makefile&quot;  VERBOSE=1 all"/>
					<CompileFile command="/usr/bin/make -j8 -f &quot;/home/zdh/px4v1.10/Firmware/Tools/build-sitl_gazebo-unknown-Default/OpticalFlow/klt_feature_tracker/Makefile&quot;  VERBOSE=1 &quot;$file&quot;"/>
					<Clean command="/usr/bin/make -j8 -f &quot;/home/zdh/px4v1.10/Firmware/Tools/build-sitl_gazebo-unknown-Default/OpticalFlow/klt_feature_tracker/Makefile&quot;  VERBOSE=1 clean"/>
					<DistClean command="/usr/bin/make -j8 -f &quot;/home/zdh/px4v1.10/Firmware/Tools/build-sitl_gazebo-unknown-Default/OpticalFlow/klt_feature_tracker/Makefile&quot;  VERBOSE=1 clean"/>
				</MakeCommands>
			</Target>
			<Target title="klt_feature_tracker">
				<Option output="/home/zdh/px4v1.10/Firmware/Tools/build-sitl_gazebo-unknown-Default/OpticalFlow/klt_feature_tracker/libklt_feature_tracker.a" prefix_auto="0" extension_auto="0"/>
				<Option working_dir="/home/zdh/px4v1.10/Firmware/Tools/build-sitl_gazebo-unknown-Default/OpticalFlow/klt_feature_tracker"/>
				<Option object_output="./"/>
				<Option type="2"/>
				<Option compiler="gcc"/>
				<Compiler>
					<Add option="-DLIBBULLET_VERSION=2.87"/>
					<Add option="-DLIBBULLET_VERSION_GT_282"/>
					<Add directory="/usr/include/gazebo-9"/>
					<Add directory="/usr/include/bullet"/>
					<Add directory="/usr/include/simbody"/>
					<Add directory="/usr/include/sdformat-6.2"/>
					<Add directory="/usr/include/ignition/math4"/>
					<Add directory="/usr/include/OGRE"/>
					<Add directory="/usr/include/OGRE/Terrain"/>
					<Add directory="/usr/include/OGRE/Paging"/>
					<Add directory="/usr/include/ignition/transport4"/>
					<Add directory="/usr/include/ignition/msgs1"/>
					<Add directory="/usr/include/ignition/common1"/>
					<Add directory="/usr/include/ignition/fuel_tools1"/>
					<Add directory="/usr/include/x86_64-linux-gnu/qt5"/>
					<Add directory="/usr/include/x86_64-linux-gnu/qt5/QtCore"/>
					<Add directory="/usr/lib/x86_64-linux-gnu/qt5/mkspecs/linux-g++"/>
					<Add directory="/home/zdh/px4v1.10/Firmware/Tools/sitl_gazebo/external/OpticalFlow/external/klt_feature_tracker/include"/>
					<Add directory="/usr/local/include/opencv4"/>
					<Add directory="/usr/include/c++/7"/>
					<Add directory="/usr/include/x86_64-linux-gnu/c++/7"/>
					<Add directory="/usr/include/c++/7/backward"/>
					<Add directory="/usr/lib/gcc/x86_64-linux-gnu/7/include"/>
					<Add directory="/usr/local/include"/>
					<Add directory="/usr/lib/gcc/x86_64-linux-gnu/7/include-fixed"/>
					<Add directory="/usr/include/x86_64-linux-gnu"/>
					<Add directory="/usr/include"/>
				</Compiler>
				<MakeCommands>
					<Build command="/usr/bin/make -j8 -f &quot;/home/zdh/px4v1.10/Firmware/Tools/build-sitl_gazebo-unknown-Default/OpticalFlow/klt_feature_tracker/Makefile&quot;  VERBOSE=1 klt_feature_tracker"/>
					<CompileFile command="/usr/bin/make -j8 -f &quot;/home/zdh/px4v1.10/Firmware/Tools/build-sitl_gazebo-unknown-Default/OpticalFlow/klt_feature_tracker/Makefile&quot;  VERBOSE=1 &quot;$file&quot;"/>
					<Clean command="/usr/bin/make -j8 -f &quot;/home/zdh/px4v1.10/Firmware/Tools/build-sitl_gazebo-unknown-Default/OpticalFlow/klt_feature_tracker/Makefile&quot;  VERBOSE=1 clean"/>
					<DistClean command="/usr/bin/make -j8 -f &quot;/home/zdh/px4v1.10/Firmware/Tools/build-sitl_gazebo-unknown-Default/OpticalFlow/klt_feature_tracker/Makefile&quot;  VERBOSE=1 clean"/>
				</MakeCommands>
			</Target>
			<Target title="klt_feature_tracker/fast">
				<Option output="/home/zdh/px4v1.10/Firmware/Tools/build-sitl_gazebo-unknown-Default/OpticalFlow/klt_feature_tracker/libklt_feature_tracker.a" prefix_auto="0" extension_auto="0"/>
				<Option working_dir="/home/zdh/px4v1.10/Firmware/Tools/build-sitl_gazebo-unknown-Default/OpticalFlow/klt_feature_tracker"/>
				<Option object_output="./"/>
				<Option type="2"/>
				<Option compiler="gcc"/>
				<Compiler>
					<Add option="-DLIBBULLET_VERSION=2.87"/>
					<Add option="-DLIBBULLET_VERSION_GT_282"/>
					<Add directory="/usr/include/gazebo-9"/>
					<Add directory="/usr/include/bullet"/>
					<Add directory="/usr/include/simbody"/>
					<Add directory="/usr/include/sdformat-6.2"/>
					<Add directory="/usr/include/ignition/math4"/>
					<Add directory="/usr/include/OGRE"/>
					<Add directory="/usr/include/OGRE/Terrain"/>
					<Add directory="/usr/include/OGRE/Paging"/>
					<Add directory="/usr/include/ignition/transport4"/>
					<Add directory="/usr/include/ignition/msgs1"/>
					<Add directory="/usr/include/ignition/common1"/>
					<Add directory="/usr/include/ignition/fuel_tools1"/>
					<Add directory="/usr/include/x86_64-linux-gnu/qt5"/>
					<Add directory="/usr/include/x86_64-linux-gnu/qt5/QtCore"/>
					<Add directory="/usr/lib/x86_64-linux-gnu/qt5/mkspecs/linux-g++"/>
					<Add directory="/home/zdh/px4v1.10/Firmware/Tools/sitl_gazebo/external/OpticalFlow/external/klt_feature_tracker/include"/>
					<Add directory="/usr/local/include/opencv4"/>
					<Add directory="/usr/include/c++/7"/>
					<Add directory="/usr/include/x86_64-linux-gnu/c++/7"/>
					<Add directory="/usr/include/c++/7/backward"/>
					<Add directory="/usr/lib/gcc/x86_64-linux-gnu/7/include"/>
					<Add directory="/usr/local/include"/>
					<Add directory="/usr/lib/gcc/x86_64-linux-gnu/7/include-fixed"/>
					<Add directory="/usr/include/x86_64-linux-gnu"/>
					<Add directory="/usr/include"/>
				</Compiler>
				<MakeCommands>
					<Build command="/usr/bin/make -j8 -f &quot;/home/zdh/px4v1.10/Firmware/Tools/build-sitl_gazebo-unknown-Default/OpticalFlow/klt_feature_tracker/Makefile&quot;  VERBOSE=1 klt_feature_tracker/fast"/>
					<CompileFile command="/usr/bin/make -j8 -f &quot;/home/zdh/px4v1.10/Firmware/Tools/build-sitl_gazebo-unknown-Default/OpticalFlow/klt_feature_tracker/Makefile&quot;  VERBOSE=1 &quot;$file&quot;"/>
					<Clean command="/usr/bin/make -j8 -f &quot;/home/zdh/px4v1.10/Firmware/Tools/build-sitl_gazebo-unknown-Default/OpticalFlow/klt_feature_tracker/Makefile&quot;  VERBOSE=1 clean"/>
					<DistClean command="/usr/bin/make -j8 -f &quot;/home/zdh/px4v1.10/Firmware/Tools/build-sitl_gazebo-unknown-Default/OpticalFlow/klt_feature_tracker/Makefile&quot;  VERBOSE=1 clean"/>
				</MakeCommands>
			</Target>
		</Build>
		<Unit filename="/home/zdh/px4v1.10/Firmware/Tools/sitl_gazebo/external/OpticalFlow/external/klt_feature_tracker/src/trackFeatures.cpp">
			<Option target="klt_feature_tracker"/>
		</Unit>
		<Unit filename="/home/zdh/px4v1.10/Firmware/Tools/sitl_gazebo/CMakeLists.txt">
			<Option virtualFolder="CMake Files\"/>
		</Unit>
		<Unit filename="/home/zdh/px4v1.10/Firmware/Tools/sitl_gazebo/external/OpticalFlow/CMakeLists.txt">
			<Option virtualFolder="CMake Files\external\OpticalFlow\"/>
		</Unit>
		<Unit filename="/home/zdh/px4v1.10/Firmware/Tools/sitl_gazebo/external/OpticalFlow/OpticalFlowConfig.cmake.in">
			<Option virtualFolder="CMake Files\external\OpticalFlow\"/>
		</Unit>
		<Unit filename="/home/zdh/px4v1.10/Firmware/Tools/sitl_gazebo/external/OpticalFlow/external/klt_feature_tracker/CMakeLists.txt">
			<Option virtualFolder="CMake Files\external\OpticalFlow\external\klt_feature_tracker\"/>
		</Unit>
		<Unit filename="/home/zdh/px4v1.10/Firmware/Tools/sitl_gazebo/../../../../../../usr/local/lib/cmake/opencv4/OpenCVConfig-version.cmake">
			<Option virtualFolder="CMake Files\..\..\..\..\..\..\usr\local\lib\cmake\opencv4\"/>
		</Unit>
		<Unit filename="/home/zdh/px4v1.10/Firmware/Tools/sitl_gazebo/../../../../../../usr/local/lib/cmake/opencv4/OpenCVConfig.cmake">
			<Option virtualFolder="CMake Files\..\..\..\..\..\..\usr\local\lib\cmake\opencv4\"/>
		</Unit>
		<Unit filename="/home/zdh/px4v1.10/Firmware/Tools/sitl_gazebo/../../../../../../usr/local/lib/cmake/opencv4/OpenCVModules-release.cmake">
			<Option virtualFolder="CMake Files\..\..\..\..\..\..\usr\local\lib\cmake\opencv4\"/>
		</Unit>
		<Unit filename="/home/zdh/px4v1.10/Firmware/Tools/sitl_gazebo/../../../../../../usr/local/lib/cmake/opencv4/OpenCVModules.cmake">
			<Option virtualFolder="CMake Files\..\..\..\..\..\..\usr\local\lib\cmake\opencv4\"/>
		</Unit>
		<Unit filename="/home/zdh/px4v1.10/Firmware/Tools/sitl_gazebo/../../../../../../usr/lib/x86_64-linux-gnu/cmake/gazebo/gazebo-config-version.cmake">
			<Option virtualFolder="CMake Files\..\..\..\..\..\..\usr\lib\x86_64-linux-gnu\cmake\gazebo\"/>
		</Unit>
		<Unit filename="/home/zdh/px4v1.10/Firmware/Tools/sitl_gazebo/../../../../../../usr/lib/x86_64-linux-gnu/cmake/gazebo/gazebo-config.cmake">
			<Option virtualFolder="CMake Files\..\..\..\..\..\..\usr\lib\x86_64-linux-gnu\cmake\gazebo\"/>
		</Unit>
		<Unit filename="/home/zdh/px4v1.10/Firmware/Tools/sitl_gazebo/../../../../../../usr/lib/x86_64-linux-gnu/cmake/simbody/SimbodyConfig.cmake">
			<Option virtualFolder="CMake Files\..\..\..\..\..\..\usr\lib\x86_64-linux-gnu\cmake\simbody\"/>
		</Unit>
		<Unit filename="/home/zdh/px4v1.10/Firmware/Tools/sitl_gazebo/../../../../../../usr/lib/x86_64-linux-gnu/cmake/simbody/SimbodyConfigVersion.cmake">
			<Option virtualFolder="CMake Files\..\..\..\..\..\..\usr\lib\x86_64-linux-gnu\cmake\simbody\"/>
		</Unit>
		<Unit filename="/home/zdh/px4v1.10/Firmware/Tools/sitl_gazebo/../../../../../../usr/lib/x86_64-linux-gnu/cmake/sdformat/SDFormatConfig.cmake">
			<Option virtualFolder="CMake Files\..\..\..\..\..\..\usr\lib\x86_64-linux-gnu\cmake\sdformat\"/>
		</Unit>
		<Unit filename="/home/zdh/px4v1.10/Firmware/Tools/sitl_gazebo/../../../../../../usr/lib/x86_64-linux-gnu/cmake/sdformat/SDFormatConfigVersion.cmake">
			<Option virtualFolder="CMake Files\..\..\..\..\..\..\usr\lib\x86_64-linux-gnu\cmake\sdformat\"/>
		</Unit>
		<Unit filename="/home/zdh/px4v1.10/Firmware/Tools/sitl_gazebo/../../../../../../usr/lib/x86_64-linux-gnu/cmake/ignition-math4/ignition-math4-config-version.cmake">
			<Option virtualFolder="CMake Files\..\..\..\..\..\..\usr\lib\x86_64-linux-gnu\cmake\ignition-math4\"/>
		</Unit>
		<Unit filename="/home/zdh/px4v1.10/Firmware/Tools/sitl_gazebo/../../../../../../usr/lib/x86_64-linux-gnu/cmake/ignition-math4/ignition-math4-config.cmake">
			<Option virtualFolder="CMake Files\..\..\..\..\..\..\usr\lib\x86_64-linux-gnu\cmake\ignition-math4\"/>
		</Unit>
		<Unit filename="/home/zdh/px4v1.10/Firmware/Tools/sitl_gazebo/../../../../../../usr/lib/x86_64-linux-gnu/cmake/ignition-math4/ignition-math4-targets-relwithdebinfo.cmake">
			<Option virtualFolder="CMake Files\..\..\..\..\..\..\usr\lib\x86_64-linux-gnu\cmake\ignition-math4\"/>
		</Unit>
		<Unit filename="/home/zdh/px4v1.10/Firmware/Tools/sitl_gazebo/../../../../../../usr/lib/x86_64-linux-gnu/cmake/ignition-math4/ignition-math4-targets.cmake">
			<Option virtualFolder="CMake Files\..\..\..\..\..\..\usr\lib\x86_64-linux-gnu\cmake\ignition-math4\"/>
		</Unit>
		<Unit filename="/home/zdh/px4v1.10/Firmware/Tools/sitl_gazebo/../../../../../../usr/lib/x86_64-linux-gnu/cmake/ignition-cmake0/ignition-cmake0-config-version.cmake">
			<Option virtualFolder="CMake Files\..\..\..\..\..\..\usr\lib\x86_64-linux-gnu\cmake\ignition-cmake0\"/>
		</Unit>
		<Unit filename="/home/zdh/px4v1.10/Firmware/Tools/sitl_gazebo/../../../../../../usr/lib/x86_64-linux-gnu/cmake/ignition-cmake0/ignition-cmake0-config.cmake">
			<Option virtualFolder="CMake Files\..\..\..\..\..\..\usr\lib\x86_64-linux-gnu\cmake\ignition-cmake0\"/>
		</Unit>
		<Unit filename="/home/zdh/px4v1.10/Firmware/Tools/sitl_gazebo/../../../../../../usr/lib/x86_64-linux-gnu/cmake/ignition-cmake0/cmake0/FindAVCODEC.cmake">
			<Option virtualFolder="CMake Files\..\..\..\..\..\..\usr\lib\x86_64-linux-gnu\cmake\ignition-cmake0\cmake0\"/>
		</Unit>
		<Unit filename="/home/zdh/px4v1.10/Firmware/Tools/sitl_gazebo/../../../../../../usr/lib/x86_64-linux-gnu/cmake/ignition-cmake0/cmake0/FindAVDEVICE.cmake">
			<Option virtualFolder="CMake Files\..\..\..\..\..\..\usr\lib\x86_64-linux-gnu\cmake\ignition-cmake0\cmake0\"/>
		</Unit>
		<Unit filename="/home/zdh/px4v1.10/Firmware/Tools/sitl_gazebo/../../../../../../usr/lib/x86_64-linux-gnu/cmake/ignition-cmake0/cmake0/FindAVFORMAT.cmake">
			<Option virtualFolder="CMake Files\..\..\..\..\..\..\usr\lib\x86_64-linux-gnu\cmake\ignition-cmake0\cmake0\"/>
		</Unit>
		<Unit filename="/home/zdh/px4v1.10/Firmware/Tools/sitl_gazebo/../../../../../../usr/lib/x86_64-linux-gnu/cmake/ignition-cmake0/cmake0/FindAVUTIL.cmake">
			<Option virtualFolder="CMake Files\..\..\..\..\..\..\usr\lib\x86_64-linux-gnu\cmake\ignition-cmake0\cmake0\"/>
		</Unit>
		<Unit filename="/home/zdh/px4v1.10/Firmware/Tools/sitl_gazebo/../../../../../../usr/lib/x86_64-linux-gnu/cmake/ignition-cmake0/cmake0/FindCPPZMQ.cmake">
			<Option virtualFolder="CMake Files\..\..\..\..\..\..\usr\lib\x86_64-linux-gnu\cmake\ignition-cmake0\cmake0\"/>
		</Unit>
		<Unit filename="/home/zdh/px4v1.10/Firmware/Tools/sitl_gazebo/../../../../../../usr/lib/x86_64-linux-gnu/cmake/ignition-cmake0/cmake0/FindDL.cmake">
			<Option virtualFolder="CMake Files\..\..\..\..\..\..\usr\lib\x86_64-linux-gnu\cmake\ignition-cmake0\cmake0\"/>
		</Unit>
		<Unit filename="/home/zdh/px4v1.10/Firmware/Tools/sitl_gazebo/../../../../../../usr/lib/x86_64-linux-gnu/cmake/ignition-cmake0/cmake0/FindFreeImage.cmake">
			<Option virtualFolder="CMake Files\..\..\..\..\..\..\usr\lib\x86_64-linux-gnu\cmake\ignition-cmake0\cmake0\"/>
		</Unit>
		<Unit filename="/home/zdh/px4v1.10/Firmware/Tools/sitl_gazebo/../../../../../../usr/lib/x86_64-linux-gnu/cmake/ignition-cmake0/cmake0/FindGTS.cmake">
			<Option virtualFolder="CMake Files\..\..\..\..\..\..\usr\lib\x86_64-linux-gnu\cmake\ignition-cmake0\cmake0\"/>
		</Unit>
		<Unit filename="/home/zdh/px4v1.10/Firmware/Tools/sitl_gazebo/../../../../../../usr/lib/x86_64-linux-gnu/cmake/ignition-cmake0/cmake0/FindIgnCURL.cmake">
			<Option virtualFolder="CMake Files\..\..\..\..\..\..\usr\lib\x86_64-linux-gnu\cmake\ignition-cmake0\cmake0\"/>
		</Unit>
		<Unit filename="/home/zdh/px4v1.10/Firmware/Tools/sitl_gazebo/../../../../../../usr/lib/x86_64-linux-gnu/cmake/ignition-cmake0/cmake0/FindIgnProtobuf.cmake">
			<Option virtualFolder="CMake Files\..\..\..\..\..\..\usr\lib\x86_64-linux-gnu\cmake\ignition-cmake0\cmake0\"/>
		</Unit>
		<Unit filename="/home/zdh/px4v1.10/Firmware/Tools/sitl_gazebo/../../../../../../usr/lib/x86_64-linux-gnu/cmake/ignition-cmake0/cmake0/FindJSONCPP.cmake">
			<Option virtualFolder="CMake Files\..\..\..\..\..\..\usr\lib\x86_64-linux-gnu\cmake\ignition-cmake0\cmake0\"/>
		</Unit>
		<Unit filename="/home/zdh/px4v1.10/Firmware/Tools/sitl_gazebo/../../../../../../usr/lib/x86_64-linux-gnu/cmake/ignition-cmake0/cmake0/FindSWSCALE.cmake">
			<Option virtualFolder="CMake Files\..\..\..\..\..\..\usr\lib\x86_64-linux-gnu\cmake\ignition-cmake0\cmake0\"/>
		</Unit>
		<Unit filename="/home/zdh/px4v1.10/Firmware/Tools/sitl_gazebo/../../../../../../usr/lib/x86_64-linux-gnu/cmake/ignition-cmake0/cmake0/FindTINYXML2.cmake">
			<Option virtualFolder="CMake Files\..\..\..\..\..\..\usr\lib\x86_64-linux-gnu\cmake\ignition-cmake0\cmake0\"/>
		</Unit>
		<Unit filename="/home/zdh/px4v1.10/Firmware/Tools/sitl_gazebo/../../../../../../usr/lib/x86_64-linux-gnu/cmake/ignition-cmake0/cmake0/FindUUID.cmake">
			<Option virtualFolder="CMake Files\..\..\..\..\..\..\usr\lib\x86_64-linux-gnu\cmake\ignition-cmake0\cmake0\"/>
		</Unit>
		<Unit filename="/home/zdh/px4v1.10/Firmware/Tools/sitl_gazebo/../../../../../../usr/lib/x86_64-linux-gnu/cmake/ignition-cmake0/cmake0/FindYAML.cmake">
			<Option virtualFolder="CMake Files\..\..\..\..\..\..\usr\lib\x86_64-linux-gnu\cmake\ignition-cmake0\cmake0\"/>
		</Unit>
		<Unit filename="/home/zdh/px4v1.10/Firmware/Tools/sitl_gazebo/../../../../../../usr/lib/x86_64-linux-gnu/cmake/ignition-cmake0/cmake0/FindZIP.cmake">
			<Option virtualFolder="CMake Files\..\..\..\..\..\..\usr\lib\x86_64-linux-gnu\cmake\ignition-cmake0\cmake0\"/>
		</Unit>
		<Unit filename="/home/zdh/px4v1.10/Firmware/Tools/sitl_gazebo/../../../../../../usr/lib/x86_64-linux-gnu/cmake/ignition-cmake0/cmake0/FindZeroMQ.cmake">
			<Option virtualFolder="CMake Files\..\..\..\..\..\..\usr\lib\x86_64-linux-gnu\cmake\ignition-cmake0\cmake0\"/>
		</Unit>
		<Unit filename="/home/zdh/px4v1.10/Firmware/Tools/sitl_gazebo/../../../../../../usr/lib/x86_64-linux-gnu/cmake/ignition-cmake0/cmake0/IgnCMake.cmake">
			<Option virtualFolder="CMake Files\..\..\..\..\..\..\usr\lib\x86_64-linux-gnu\cmake\ignition-cmake0\cmake0\"/>
		</Unit>
		<Unit filename="/home/zdh/px4v1.10/Firmware/Tools/sitl_gazebo/../../../../../../usr/lib/x86_64-linux-gnu/cmake/ignition-cmake0/cmake0/IgnConfigureBuild.cmake">
			<Option virtualFolder="CMake Files\..\..\..\..\..\..\usr\lib\x86_64-linux-gnu\cmake\ignition-cmake0\cmake0\"/>
		</Unit>
		<Unit filename="/home/zdh/px4v1.10/Firmware/Tools/sitl_gazebo/../../../../../../usr/lib/x86_64-linux-gnu/cmake/ignition-cmake0/cmake0/IgnConfigureProject.cmake">
			<Option virtualFolder="CMake Files\..\..\..\..\..\..\usr\lib\x86_64-linux-gnu\cmake\ignition-cmake0\cmake0\"/>
		</Unit>
		<Unit filename="/home/zdh/px4v1.10/Firmware/Tools/sitl_gazebo/../../../../../../usr/lib/x86_64-linux-gnu/cmake/ignition-cmake0/cmake0/IgnCreateDocs.cmake">
			<Option virtualFolder="CMake Files\..\..\..\..\..\..\usr\lib\x86_64-linux-gnu\cmake\ignition-cmake0\cmake0\"/>
		</Unit>
		<Unit filename="/home/zdh/px4v1.10/Firmware/Tools/sitl_gazebo/../../../../../../usr/lib/x86_64-linux-gnu/cmake/ignition-cmake0/cmake0/IgnImportTarget.cmake">
			<Option virtualFolder="CMake Files\..\..\..\..\..\..\usr\lib\x86_64-linux-gnu\cmake\ignition-cmake0\cmake0\"/>
		</Unit>
		<Unit filename="/home/zdh/px4v1.10/Firmware/Tools/sitl_gazebo/../../../../../../usr/lib/x86_64-linux-gnu/cmake/ignition-cmake0/cmake0/IgnPackaging.cmake">
			<Option virtualFolder="CMake Files\..\..\..\..\..\..\usr\lib\x86_64-linux-gnu\cmake\ignition-cmake0\cmake0\"/>
		</Unit>
		<Unit filename="/home/zdh/px4v1.10/Firmware/Tools/sitl_gazebo/../../../../../../usr/lib/x86_64-linux-gnu/cmake/ignition-cmake0/cmake0/IgnPkgConfig.cmake">
			<Option virtualFolder="CMake Files\..\..\..\..\..\..\usr\lib\x86_64-linux-gnu\cmake\ignition-cmake0\cmake0\"/>
		</Unit>
		<Unit filename="/home/zdh/px4v1.10/Firmware/Tools/sitl_gazebo/../../../../../../usr/lib/x86_64-linux-gnu/cmake/ignition-cmake0/cmake0/IgnSetCompilerFlags.cmake">
			<Option virtualFolder="CMake Files\..\..\..\..\..\..\usr\lib\x86_64-linux-gnu\cmake\ignition-cmake0\cmake0\"/>
		</Unit>
		<Unit filename="/home/zdh/px4v1.10/Firmware/Tools/sitl_gazebo/../../../../../../usr/lib/x86_64-linux-gnu/cmake/ignition-cmake0/cmake0/IgnUtils.cmake">
			<Option virtualFolder="CMake Files\..\..\..\..\..\..\usr\lib\x86_64-linux-gnu\cmake\ignition-cmake0\cmake0\"/>
		</Unit>
		<Unit filename="/home/zdh/px4v1.10/Firmware/Tools/sitl_gazebo/../../../../../../usr/lib/x86_64-linux-gnu/cmake/ignition-transport4/ignition-transport4-config-version.cmake">
			<Option virtualFolder="CMake Files\..\..\..\..\..\..\usr\lib\x86_64-linux-gnu\cmake\ignition-transport4\"/>
		</Unit>
		<Unit filename="/home/zdh/px4v1.10/Firmware/Tools/sitl_gazebo/../../../../../../usr/lib/x86_64-linux-gnu/cmake/ignition-transport4/ignition-transport4-config.cmake">
			<Option virtualFolder="CMake Files\..\..\..\..\..\..\usr\lib\x86_64-linux-gnu\cmake\ignition-transport4\"/>
		</Unit>
		<Unit filename="/home/zdh/px4v1.10/Firmware/Tools/sitl_gazebo/../../../../../../usr/lib/x86_64-linux-gnu/cmake/ignition-transport4/ignition-transport4-targets-relwithdebinfo.cmake">
			<Option virtualFolder="CMake Files\..\..\..\..\..\..\usr\lib\x86_64-linux-gnu\cmake\ignition-transport4\"/>
		</Unit>
		<Unit filename="/home/zdh/px4v1.10/Firmware/Tools/sitl_gazebo/../../../../../../usr/lib/x86_64-linux-gnu/cmake/ignition-transport4/ignition-transport4-targets.cmake">
			<Option virtualFolder="CMake Files\..\..\..\..\..\..\usr\lib\x86_64-linux-gnu\cmake\ignition-transport4\"/>
		</Unit>
		<Unit filename="/home/zdh/px4v1.10/Firmware/Tools/sitl_gazebo/../../../../../../usr/lib/x86_64-linux-gnu/cmake/ignition-msgs1/ignition-msgs1-config-version.cmake">
			<Option virtualFolder="CMake Files\..\..\..\..\..\..\usr\lib\x86_64-linux-gnu\cmake\ignition-msgs1\"/>
		</Unit>
		<Unit filename="/home/zdh/px4v1.10/Firmware/Tools/sitl_gazebo/../../../../../../usr/lib/x86_64-linux-gnu/cmake/ignition-msgs1/ignition-msgs1-config.cmake">
			<Option virtualFolder="CMake Files\..\..\..\..\..\..\usr\lib\x86_64-linux-gnu\cmake\ignition-msgs1\"/>
		</Unit>
		<Unit filename="/home/zdh/px4v1.10/Firmware/Tools/sitl_gazebo/../../../../../../usr/lib/x86_64-linux-gnu/cmake/ignition-msgs1/ignition-msgs1-targets-relwithdebinfo.cmake">
			<Option virtualFolder="CMake Files\..\..\..\..\..\..\usr\lib\x86_64-linux-gnu\cmake\ignition-msgs1\"/>
		</Unit>
		<Unit filename="/home/zdh/px4v1.10/Firmware/Tools/sitl_gazebo/../../../../../../usr/lib/x86_64-linux-gnu/cmake/ignition-msgs1/ignition-msgs1-targets.cmake">
			<Option virtualFolder="CMake Files\..\..\..\..\..\..\usr\lib\x86_64-linux-gnu\cmake\ignition-msgs1\"/>
		</Unit>
		<Unit filename="/home/zdh/px4v1.10/Firmware/Tools/sitl_gazebo/../../../../../../usr/lib/x86_64-linux-gnu/cmake/ignition-common1/ignition-common1-config-version.cmake">
			<Option virtualFolder="CMake Files\..\..\..\..\..\..\usr\lib\x86_64-linux-gnu\cmake\ignition-common1\"/>
		</Unit>
		<Unit filename="/home/zdh/px4v1.10/Firmware/Tools/sitl_gazebo/../../../../../../usr/lib/x86_64-linux-gnu/cmake/ignition-common1/ignition-common1-config.cmake">
			<Option virtualFolder="CMake Files\..\..\..\..\..\..\usr\lib\x86_64-linux-gnu\cmake\ignition-common1\"/>
		</Unit>
		<Unit filename="/home/zdh/px4v1.10/Firmware/Tools/sitl_gazebo/../../../../../../usr/lib/x86_64-linux-gnu/cmake/ignition-common1/ignition-common1-targets-relwithdebinfo.cmake">
			<Option virtualFolder="CMake Files\..\..\..\..\..\..\usr\lib\x86_64-linux-gnu\cmake\ignition-common1\"/>
		</Unit>
		<Unit filename="/home/zdh/px4v1.10/Firmware/Tools/sitl_gazebo/../../../../../../usr/lib/x86_64-linux-gnu/cmake/ignition-common1/ignition-common1-targets.cmake">
			<Option virtualFolder="CMake Files\..\..\..\..\..\..\usr\lib\x86_64-linux-gnu\cmake\ignition-common1\"/>
		</Unit>
		<Unit filename="/home/zdh/px4v1.10/Firmware/Tools/sitl_gazebo/../../../../../../usr/lib/x86_64-linux-gnu/cmake/ignition-fuel_tools1/ignition-fuel_tools1-config-version.cmake">
			<Option virtualFolder="CMake Files\..\..\..\..\..\..\usr\lib\x86_64-linux-gnu\cmake\ignition-fuel_tools1\"/>
		</Unit>
		<Unit filename="/home/zdh/px4v1.10/Firmware/Tools/sitl_gazebo/../../../../../../usr/lib/x86_64-linux-gnu/cmake/ignition-fuel_tools1/ignition-fuel_tools1-config.cmake">
			<Option virtualFolder="CMake Files\..\..\..\..\..\..\usr\lib\x86_64-linux-gnu\cmake\ignition-fuel_tools1\"/>
		</Unit>
		<Unit filename="/home/zdh/px4v1.10/Firmware/Tools/sitl_gazebo/../../../../../../usr/lib/x86_64-linux-gnu/cmake/ignition-fuel_tools1/ignition-fuel_tools1-targets-relwithdebinfo.cmake">
			<Option virtualFolder="CMake Files\..\..\..\..\..\..\usr\lib\x86_64-linux-gnu\cmake\ignition-fuel_tools1\"/>
		</Unit>
		<Unit filename="/home/zdh/px4v1.10/Firmware/Tools/sitl_gazebo/../../../../../../usr/lib/x86_64-linux-gnu/cmake/ignition-fuel_tools1/ignition-fuel_tools1-targets.cmake">
			<Option virtualFolder="CMake Files\..\..\..\..\..\..\usr\lib\x86_64-linux-gnu\cmake\ignition-fuel_tools1\"/>
		</Unit>
		<Unit filename="/home/zdh/px4v1.10/Firmware/Tools/sitl_gazebo/../../../../../../usr/lib/x86_64-linux-gnu/cmake/jsoncpp/jsoncppConfig-none.cmake">
			<Option virtualFolder="CMake Files\..\..\..\..\..\..\usr\lib\x86_64-linux-gnu\cmake\jsoncpp\"/>
		</Unit>
		<Unit filename="/home/zdh/px4v1.10/Firmware/Tools/sitl_gazebo/../../../../../../usr/lib/x86_64-linux-gnu/cmake/jsoncpp/jsoncppConfig.cmake">
			<Option virtualFolder="CMake Files\..\..\..\..\..\..\usr\lib\x86_64-linux-gnu\cmake\jsoncpp\"/>
		</Unit>
		<Unit filename="/home/zdh/px4v1.10/Firmware/Tools/sitl_gazebo/../../../../../../usr/lib/x86_64-linux-gnu/cmake/Qt5/Qt5Config.cmake">
			<Option virtualFolder="CMake Files\..\..\..\..\..\..\usr\lib\x86_64-linux-gnu\cmake\Qt5\"/>
		</Unit>
		<Unit filename="/home/zdh/px4v1.10/Firmware/Tools/sitl_gazebo/../../../../../../usr/lib/x86_64-linux-gnu/cmake/Qt5/Qt5ConfigVersion.cmake">
			<Option virtualFolder="CMake Files\..\..\..\..\..\..\usr\lib\x86_64-linux-gnu\cmake\Qt5\"/>
		</Unit>
		<Unit filename="/home/zdh/px4v1.10/Firmware/Tools/sitl_gazebo/../../../../../../usr/lib/x86_64-linux-gnu/cmake/Qt5/Qt5ModuleLocation.cmake">
			<Option virtualFolder="CMake Files\..\..\..\..\..\..\usr\lib\x86_64-linux-gnu\cmake\Qt5\"/>
		</Unit>
		<Unit filename="/home/zdh/px4v1.10/Firmware/Tools/sitl_gazebo/../../../../../../usr/lib/x86_64-linux-gnu/cmake/Qt5Core/Qt5CoreConfig.cmake">
			<Option virtualFolder="CMake Files\..\..\..\..\..\..\usr\lib\x86_64-linux-gnu\cmake\Qt5Core\"/>
		</Unit>
		<Unit filename="/home/zdh/px4v1.10/Firmware/Tools/sitl_gazebo/../../../../../../usr/lib/x86_64-linux-gnu/cmake/Qt5Core/Qt5CoreConfigExtras.cmake">
			<Option virtualFolder="CMake Files\..\..\..\..\..\..\usr\lib\x86_64-linux-gnu\cmake\Qt5Core\"/>
		</Unit>
		<Unit filename="/home/zdh/px4v1.10/Firmware/Tools/sitl_gazebo/../../../../../../usr/lib/x86_64-linux-gnu/cmake/Qt5Core/Qt5CoreConfigExtrasMkspecDir.cmake">
			<Option virtualFolder="CMake Files\..\..\..\..\..\..\usr\lib\x86_64-linux-gnu\cmake\Qt5Core\"/>
		</Unit>
		<Unit filename="/home/zdh/px4v1.10/Firmware/Tools/sitl_gazebo/../../../../../../usr/lib/x86_64-linux-gnu/cmake/Qt5Core/Qt5CoreConfigVersion.cmake">
			<Option virtualFolder="CMake Files\..\..\..\..\..\..\usr\lib\x86_64-linux-gnu\cmake\Qt5Core\"/>
		</Unit>
		<Unit filename="/home/zdh/px4v1.10/Firmware/Tools/sitl_gazebo/../../../../../../usr/lib/x86_64-linux-gnu/cmake/Qt5Core/Qt5CoreMacros.cmake">
			<Option virtualFolder="CMake Files\..\..\..\..\..\..\usr\lib\x86_64-linux-gnu\cmake\Qt5Core\"/>
		</Unit>
		<Unit filename="/home/zdh/px4v1.10/Firmware/Tools/sitl_gazebo/../../../../../../usr/lib/x86_64-linux-gnu/cmake/Qt5Widgets/Qt5WidgetsConfig.cmake">
			<Option virtualFolder="CMake Files\..\..\..\..\..\..\usr\lib\x86_64-linux-gnu\cmake\Qt5Widgets\"/>
		</Unit>
		<Unit filename="/home/zdh/px4v1.10/Firmware/Tools/sitl_gazebo/../../../../../../usr/lib/x86_64-linux-gnu/cmake/Qt5Widgets/Qt5WidgetsConfigExtras.cmake">
			<Option virtualFolder="CMake Files\..\..\..\..\..\..\usr\lib\x86_64-linux-gnu\cmake\Qt5Widgets\"/>
		</Unit>
		<Unit filename="/home/zdh/px4v1.10/Firmware/Tools/sitl_gazebo/../../../../../../usr/lib/x86_64-linux-gnu/cmake/Qt5Widgets/Qt5WidgetsConfigVersion.cmake">
			<Option virtualFolder="CMake Files\..\..\..\..\..\..\usr\lib\x86_64-linux-gnu\cmake\Qt5Widgets\"/>
		</Unit>
		<Unit filename="/home/zdh/px4v1.10/Firmware/Tools/sitl_gazebo/../../../../../../usr/lib/x86_64-linux-gnu/cmake/Qt5Widgets/Qt5WidgetsMacros.cmake">
			<Option virtualFolder="CMake Files\..\..\..\..\..\..\usr\lib\x86_64-linux-gnu\cmake\Qt5Widgets\"/>
		</Unit>
		<Unit filename="/home/zdh/px4v1.10/Firmware/Tools/sitl_gazebo/../../../../../../usr/lib/x86_64-linux-gnu/cmake/Qt5Gui/Qt5GuiConfig.cmake">
			<Option virtualFolder="CMake Files\..\..\..\..\..\..\usr\lib\x86_64-linux-gnu\cmake\Qt5Gui\"/>
		</Unit>
		<Unit filename="/home/zdh/px4v1.10/Firmware/Tools/sitl_gazebo/../../../../../../usr/lib/x86_64-linux-gnu/cmake/Qt5Gui/Qt5GuiConfigExtras.cmake">
			<Option virtualFolder="CMake Files\..\..\..\..\..\..\usr\lib\x86_64-linux-gnu\cmake\Qt5Gui\"/>
		</Unit>
		<Unit filename="/home/zdh/px4v1.10/Firmware/Tools/sitl_gazebo/../../../../../../usr/lib/x86_64-linux-gnu/cmake/Qt5Gui/Qt5GuiConfigVersion.cmake">
			<Option virtualFolder="CMake Files\..\..\..\..\..\..\usr\lib\x86_64-linux-gnu\cmake\Qt5Gui\"/>
		</Unit>
		<Unit filename="/home/zdh/px4v1.10/Firmware/Tools/sitl_gazebo/../../../../../../usr/lib/cmake/eigen3/Eigen3Config.cmake">
			<Option virtualFolder="CMake Files\..\..\..\..\..\..\usr\lib\cmake\eigen3\"/>
		</Unit>
		<Unit filename="/home/zdh/px4v1.10/Firmware/Tools/sitl_gazebo/../../../../../../usr/lib/cmake/eigen3/Eigen3ConfigVersion.cmake">
			<Option virtualFolder="CMake Files\..\..\..\..\..\..\usr\lib\cmake\eigen3\"/>
		</Unit>
		<Unit filename="/home/zdh/px4v1.10/Firmware/Tools/sitl_gazebo/../../../../../../usr/lib/cmake/eigen3/Eigen3Targets.cmake">
			<Option virtualFolder="CMake Files\..\..\..\..\..\..\usr\lib\cmake\eigen3\"/>
		</Unit>
		<Unit filename="/home/zdh/px4v1.10/Firmware/Tools/sitl_gazebo/../../../../../../usr/share/OGRE/cmake/modules/FindOGRE.cmake">
			<Option virtualFolder="CMake Files\..\..\..\..\..\..\usr\share\OGRE\cmake\modules\"/>
		</Unit>
		<Unit filename="/home/zdh/px4v1.10/Firmware/Tools/sitl_gazebo/../../../../../../usr/share/OGRE/cmake/modules/FindPkgMacros.cmake">
			<Option virtualFolder="CMake Files\..\..\..\..\..\..\usr\share\OGRE\cmake\modules\"/>
		</Unit>
		<Unit filename="/home/zdh/px4v1.10/Firmware/Tools/sitl_gazebo/../../../../../../usr/share/OGRE/cmake/modules/PreprocessorUtils.cmake">
			<Option virtualFolder="CMake Files\..\..\..\..\..\..\usr\share\OGRE\cmake\modules\"/>
		</Unit>
		<Unit filename="/home/zdh/px4v1.10/Firmware/Tools/sitl_gazebo/cmake/EnableC++XX.cmake">
			<Option virtualFolder="CMake Files\cmake\"/>
		</Unit>
		<Unit filename="/home/zdh/px4v1.10/Firmware/Tools/sitl_gazebo/cmake/FindGStreamer.cmake">
			<Option virtualFolder="CMake Files\cmake\"/>
		</Unit>
		<Unit filename="/home/zdh/px4v1.10/Firmware/Tools/sitl_gazebo/cmake/FindMAVLink.cmake">
			<Option virtualFolder="CMake Files\cmake\"/>
		</Unit>
		<Unit filename="/home/zdh/px4v1.10/Firmware/Tools/sitl_gazebo/cmake/FindTinyXML.cmake">
			<Option virtualFolder="CMake Files\cmake\"/>
		</Unit>
		<Unit filename="/home/zdh/px4v1.10/Firmware/Tools/sitl_gazebo/cmake/UnitTests.cmake">
			<Option virtualFolder="CMake Files\cmake\"/>
		</Unit>
		<Unit filename="/home/zdh/px4v1.10/Firmware/Tools/sitl_gazebo/src/setup.sh.in">
			<Option virtualFolder="CMake Files\src\"/>
		</Unit>
		<Unit filename="/home/zdh/px4v1.10/Firmware/Tools/sitl_gazebo/unit_tests/CMakeLists.txt">
			<Option virtualFolder="CMake Files\unit_tests\"/>
		</Unit>
	</Project>
</CodeBlocks_project_file>
